
Microsoft Visual Studio Solution File, Format Version 12.00
# Visual Studio Version 16
VisualStudioVersion = 16.0.30114.105
MinimumVisualStudioVersion = 10.0.40219.1
Project("{FAE04EC0-301F-11D3-BF4B-00C04F79EFBC}") = "Katas.GildedRose", "Katas.GildedRose\Katas.GildedRose.csproj", "{0C240E27-9C09-43CD-B2FA-A04044099250}"
EndProject
Project("{FAE04EC0-301F-11D3-BF4B-00C04F79EFBC}") = "Katas.GildedRose.Tests", "Katas.GildedRose.Tests\Katas.GildedRose.Tests.csproj", "{74D55F00-DF79-47EF-8E23-EF653D8BE301}"
EndProject
Global
	GlobalSection(SolutionConfigurationPlatforms) = preSolution
		Debug|Any CPU = Debug|Any CPU
		Release|Any CPU = Release|Any CPU
	EndGlobalSection
	GlobalSection(SolutionProperties) = preSolution
		HideSolutionNode = FALSE
	EndGlobalSection
	GlobalSection(ProjectConfigurationPlatforms) = postSolution
		{0C240E27-9C09-43CD-B2FA-A04044099250}.Debug|Any CPU.ActiveCfg = Debug|Any CPU
		{0C240E27-9C09-43CD-B2FA-A04044099250}.Debug|Any CPU.Build.0 = Debug|Any CPU
		{0C240E27-9C09-43CD-B2FA-A04044099250}.Release|Any CPU.ActiveCfg = Release|Any CPU
		{0C240E27-9C09-43CD-B2FA-A04044099250}.Release|Any CPU.Build.0 = Release|Any CPU
		{74D55F00-DF79-47EF-8E23-EF653D8BE301}.Debug|Any CPU.ActiveCfg = Debug|Any CPU
		{74D55F00-DF79-47EF-8E23-EF653D8BE301}.Debug|Any CPU.Build.0 = Debug|Any CPU
		{74D55F00-DF79-47EF-8E23-EF653D8BE301}.Release|Any CPU.ActiveCfg = Release|Any CPU
		{74D55F00-DF79-47EF-8E23-EF653D8BE301}.Release|Any CPU.Build.0 = Release|Any CPU
	EndGlobalSection
EndGlobal
